
Microsoft Visual Studio Solution File, Format Version 9.00
# Visual Studio 2005
Project("{8BC9CEB8-8B4A-11D0-8D11-00A0C91BC942}") = "GI", "GI\GI.vcproj", "{6BA68CA2-1ACE-44A6-A851-7C45C809818D}"
EndProject
Global
	GlobalSection(SolutionConfigurationPlatforms) = preSolution
		Debug|Win32 = Debug|Win32
		Release|Win32 = Release|Win32
	EndGlobalSection
	GlobalSection(ProjectConfigurationPlatforms) = postSolution
		{6BA68CA2-1ACE-44A6-A851-7C45C809818D}.Debug|Win32.ActiveCfg = Debug|Win32
		{6BA68CA2-1ACE-44A6-A851-7C45C809818D}.Debug|Win32.Build.0 = Debug|Win32
		{6BA68CA2-1ACE-44A6-A851-7C45C809818D}.Release|Win32.ActiveCfg = Release|Win32
		{6BA68CA2-1ACE-44A6-A851-7C45C809818D}.Release|Win32.Build.0 = Release|Win32
	EndGlobalSection
	GlobalSection(SolutionProperties) = preSolution
		HideSolutionNode = FALSE
	EndGlobalSection
EndGlobal
